
Microsoft Visual Studio Solution File, Format Version 12.00
# Visual Studio 15
Project("{FAE04EC0-301F-11D3-BF4B-00C04F79EFBC}") = "Assembly-CSharp", "Assembly-CSharp.csproj", "{2F01B807-517B-9BFC-0DD2-923740F54871}"
EndProject
Project("{FAE04EC0-301F-11D3-BF4B-00C04F79EFBC}") = "Assembly-CSharp-Editor", "Assembly-CSharp-Editor.csproj", "{FBCF2E2E-D96B-9BF1-AE7A-195CEBCFEA2E}"
EndProject
Global
	GlobalSection(SolutionConfigurationPlatforms) = preSolution
		Debug|Any CPU = Debug|Any CPU
		Release|Any CPU = Release|Any CPU
	EndGlobalSection
	GlobalSection(ProjectConfigurationPlatforms) = postSolution
		{2F01B807-517B-9BFC-0DD2-923740F54871}.Debug|Any CPU.ActiveCfg = Debug|Any CPU
		{2F01B807-517B-9BFC-0DD2-923740F54871}.Debug|Any CPU.Build.0 = Debug|Any CPU
		{2F01B807-517B-9BFC-0DD2-923740F54871}.Release|Any CPU.ActiveCfg = Release|Any CPU
		{2F01B807-517B-9BFC-0DD2-923740F54871}.Release|Any CPU.Build.0 = Release|Any CPU
		{FBCF2E2E-D96B-9BF1-AE7A-195CEBCFEA2E}.Debug|Any CPU.ActiveCfg = Debug|Any CPU
		{FBCF2E2E-D96B-9BF1-AE7A-195CEBCFEA2E}.Debug|Any CPU.Build.0 = Debug|Any CPU
		{FBCF2E2E-D96B-9BF1-AE7A-195CEBCFEA2E}.Release|Any CPU.ActiveCfg = Release|Any CPU
		{FBCF2E2E-D96B-9BF1-AE7A-195CEBCFEA2E}.Release|Any CPU.Build.0 = Release|Any CPU
	EndGlobalSection
	GlobalSection(SolutionProperties) = preSolution
		HideSolutionNode = FALSE
	EndGlobalSection
EndGlobal
